{
  "name": "pi-kernel-extension",
  "lockfileVersion": 3,
  "requires": true,
  "packages": {
    "": {
      "name": "pi-kernel-extension",
      "dependencies": {
        "@onkernel/sdk": "^0.33.0"
      }
    },
    "node_modules/@onkernel/sdk": {
      "version": "0.33.0",
      "resolved": "https://registry.npmjs.org/@onkernel/sdk/-/sdk-0.33.0.tgz",
      "integrity": "sha512-SR+1wlYoXWYjImoV6NhY95qRI0BHtKYoAOQ1Gh9YrvRt38ea3O8Mn5avuHvh8KsDL7Y20UViHfC7/tyAgXI30w==",
      "license": "Apache-2.0"
    }
  }
}
